
Microsoft Visual Studio Solution File, Format Version 12.00
# Visual Studio Version 17
VisualStudioVersion = 17.1.32414.318
MinimumVisualStudioVersion = 10.0.40219.1
Project("{FAE04EC0-301F-11D3-BF4B-00C04F79EFBC}") = "TreeFolderStructure", "TreeFolderStructure\TreeFolderStructure.csproj", "{53DBFD91-621E-4E15-894B-31ECFAA85386}"
EndProject
Project("{FAE04EC0-301F-11D3-BF4B-00C04F79EFBC}") = "TreeFolderStructure.DataAccess", "TreeFolderStructure.DataAccess\TreeFolderStructure.DataAccess.csproj", "{42DDCCF3-56A4-4F53-B2F6-6F995615B118}"
EndProject
Global
	GlobalSection(SolutionConfigurationPlatforms) = preSolution
		Debug|Any CPU = Debug|Any CPU
		Release|Any CPU = Release|Any CPU
	EndGlobalSection
	GlobalSection(ProjectConfigurationPlatforms) = postSolution
		{53DBFD91-621E-4E15-894B-31ECFAA85386}.Debug|Any CPU.ActiveCfg = Debug|Any CPU
		{53DBFD91-621E-4E15-894B-31ECFAA85386}.Debug|Any CPU.Build.0 = Debug|Any CPU
		{53DBFD91-621E-4E15-894B-31ECFAA85386}.Release|Any CPU.ActiveCfg = Release|Any CPU
		{53DBFD91-621E-4E15-894B-31ECFAA85386}.Release|Any CPU.Build.0 = Release|Any CPU
		{42DDCCF3-56A4-4F53-B2F6-6F995615B118}.Debug|Any CPU.ActiveCfg = Debug|Any CPU
		{42DDCCF3-56A4-4F53-B2F6-6F995615B118}.Debug|Any CPU.Build.0 = Debug|Any CPU
		{42DDCCF3-56A4-4F53-B2F6-6F995615B118}.Release|Any CPU.ActiveCfg = Release|Any CPU
		{42DDCCF3-56A4-4F53-B2F6-6F995615B118}.Release|Any CPU.Build.0 = Release|Any CPU
	EndGlobalSection
	GlobalSection(SolutionProperties) = preSolution
		HideSolutionNode = FALSE
	EndGlobalSection
	GlobalSection(ExtensibilityGlobals) = postSolution
		SolutionGuid = {C7679291-BCA1-461B-B710-60320B3EA907}
	EndGlobalSection
EndGlobal
